<?xml version="1.0" encoding="utf-8"?>
<Project ToolsVersion="4.0" xmlns="http://schemas.microsoft.com/developer/msbuild/2003">
  <ItemGroup>
    <Filter Include="Source Files">
      <UniqueIdentifier>{4FC737F1-C7A5-4376-A066-2A32D752A2FF}</UniqueIdentifier>
      <Extensions>cpp;c;cc;cxx;c++;cppm;ixx;def;odl;idl;hpj;bat;asm;asmx</Extensions>
    </Filter>
    <Filter Include="Header Files">
      <UniqueIdentifier>{93995380-89BD-4b04-88EB-625FBE52EBFB}</UniqueIdentifier>
      <Extensions>h;hh;hpp;hxx;h++;hm;inl;inc;ipp;xsd</Extensions>
    </Filter>
    <Filter Include="Resource Files">
      <UniqueIdentifier>{67DA6AB6-F800-4c08-8B7A-83BB121AAD01}</UniqueIdentifier>
      <Extensions>rc;ico;cur;bmp;dlg;rc2;rct;bin;rgs;gif;jpg;jpeg;jpe;resx;tiff;tif;png;wav;mfcribbon-ms</Extensions>
    </Filter>
    <Filter Include="Shaders">
      <UniqueIdentifier>{3b4e975c-d191-40a7-b128-2e01732742a4}</UniqueIdentifier>
    </Filter>
    <Filter Include="Libraries">
      <UniqueIdentifier>{f98baf59-926c-4c10-8229-f7099b751296}</UniqueIdentifier>
    </Filter>
  </ItemGroup>
  <ItemGroup>
    <ClCompile Include="main.cpp">
      <Filter>Source Files</Filter>
    </ClCompile>
    <ClCompile Include="camera_manager.cpp">
      <Filter>Source Files</Filter>
    </ClCompile>
    <ClCompile Include="config_manager.cpp">
      <Filter>Source Files</Filter>
    </ClCompile>
    <ClCompile Include="dashboard_menu.cpp">
      <Filter>Source Files</Filter>
    </ClCompile>
    <ClCompile Include="openvr_manager.cpp">
      <Filter>Source Files</Filter>
    </ClCompile>
    <ClCompile Include="passthrough_renderer.cpp">
      <Filter>Source Files</Filter>
    </ClCompile>
    <ClCompile Include="logging.cpp">
      <Filter>Source Files</Filter>
    </ClCompile>
    <ClCompile Include="external\openvr\samples\shared\Matrices.cpp">
      <Filter>Libraries</Filter>
    </ClCompile>
    <ClCompile Include="pch.cpp">
      <Filter>Source Files</Filter>
    </ClCompile>
    <ClCompile Include="external\imgui\imgui.cpp">
      <Filter>Libraries</Filter>
    </ClCompile>
    <ClCompile Include="external\imgui\imgui_draw.cpp">
      <Filter>Libraries</Filter>
    </ClCompile>
    <ClCompile Include="external\imgui\imgui_tables.cpp">
      <Filter>Libraries</Filter>
    </ClCompile>
    <ClCompile Include="external\imgui\imgui_widgets.cpp">
      <Filter>Libraries</Filter>
    </ClCompile>
    <ClCompile Include="external\imgui\backends\imgui_impl_dx11.cpp">
      <Filter>Libraries</Filter>
    </ClCompile>
    <ClCompile Include="external\lodepng\lodepng.cpp">
      <Filter>Libraries</Filter>
    </ClCompile>
    <ClCompile Include="passthrough_overlay.cpp">
      <Filter>Source Files</Filter>
    </ClCompile>
  </ItemGroup>
  <ItemGroup>
    <ClInclude Include="camera_manager.h">
      <Filter>Header Files</Filter>
    </ClInclude>
    <ClInclude Include="dashboard_menu.h">
      <Filter>Header Files</Filter>
    </ClInclude>
    <ClInclude Include="openvr_manager.h">
      <Filter>Header Files</Filter>
    </ClInclude>
    <ClInclude Include="passthrough_renderer.h">
      <Filter>Header Files</Filter>
    </ClInclude>
    <ClInclude Include="config_manager.h">
      <Filter>Header Files</Filter>
    </ClInclude>
    <ClInclude Include="pch.h">
      <Filter>Header Files</Filter>
    </ClInclude>
    <ClInclude Include="logging.h">
      <Filter>Header Files</Filter>
    </ClInclude>
    <ClInclude Include="external\openvr\samples\shared\Matrices.h">
      <Filter>Libraries</Filter>
    </ClInclude>
    <ClInclude Include="external\openvr\samples\shared\Vectors.h">
      <Filter>Libraries</Filter>
    </ClInclude>
    <ClInclude Include="shared_structs.h">
      <Filter>Header Files</Filter>
    </ClInclude>
    <ClInclude Include="external\imgui\imgui.h">
      <Filter>Libraries</Filter>
    </ClInclude>
    <ClInclude Include="external\imgui\imgui_internal.h">
      <Filter>Libraries</Filter>
    </ClInclude>
    <ClInclude Include="external\imgui\backends\imgui_impl_dx11.h">
      <Filter>Libraries</Filter>
    </ClInclude>
    <ClInclude Include="external\lodepng\lodepng.h">
      <Filter>Libraries</Filter>
    </ClInclude>
    <ClInclude Include="passthrough_overlay.h">
      <Filter>Header Files</Filter>
    </ClInclude>
    <ClInclude Include="renderdoc_app.h">
      <Filter>Header Files</Filter>
    </ClInclude>
  </ItemGroup>
  <ItemGroup>
    <FxCompile Include="shaders\alpha_prepass_masked_ps.hlsl">
      <Filter>Shaders</Filter>
    </FxCompile>
    <FxCompile Include="shaders\alpha_prepass_ps.hlsl">
      <Filter>Shaders</Filter>
    </FxCompile>
    <FxCompile Include="shaders\fullscreen_quad_vs.hlsl">
      <Filter>Shaders</Filter>
    </FxCompile>
    <FxCompile Include="shaders\passthrough_masked_ps.hlsl">
      <Filter>Shaders</Filter>
    </FxCompile>
    <FxCompile Include="shaders\passthrough_ps.hlsl">
      <Filter>Shaders</Filter>
    </FxCompile>
    <FxCompile Include="shaders\passthrough_vs.hlsl">
      <Filter>Shaders</Filter>
    </FxCompile>
  </ItemGroup>
  <ItemGroup>
    <None Include="shaders\util.hlsl">
      <Filter>Shaders</Filter>
    </None>
  </ItemGroup>
</Project>